<Project xmlns="http://schemas.microsoft.com/developer/msbuild/2003">
    <PropertyGroup>
        <Base>True</Base>
        <AppType>Application</AppType>
        <Config Condition="'$(Config)'==''">Release</Config>
        <FrameworkType>VCL</FrameworkType>
        <MainSource>Sniff.dpr</MainSource>
        <Platform Condition="'$(Platform)'==''">Win64</Platform>
        <ProjectGuid>{B6CEA87D-C0BE-41A6-AA6E-05E30F0DA602}</ProjectGuid>
        <ProjectName Condition="'$(ProjectName)'==''">Sniff</ProjectName>
        <ProjectVersion>20.3</ProjectVersion>
        <TargetedPlatforms>3</TargetedPlatforms>
    </PropertyGroup>
    <PropertyGroup Condition="'$(Config)'=='Base' or '$(Base)'!=''">
        <Base>true</Base>
    </PropertyGroup>
    <PropertyGroup Condition="('$(Platform)'=='Win32' and '$(Base)'=='true') or '$(Base_Win32)'!=''">
        <Base_Win32>true</Base_Win32>
        <CfgParent>Base</CfgParent>
        <Base>true</Base>
    </PropertyGroup>
    <PropertyGroup Condition="('$(Platform)'=='Win64' and '$(Base)'=='true') or '$(Base_Win64)'!=''">
        <Base_Win64>true</Base_Win64>
        <CfgParent>Base</CfgParent>
        <Base>true</Base>
    </PropertyGroup>
    <PropertyGroup Condition="'$(Config)'=='Debug' or '$(Cfg_1)'!=''">
        <Cfg_1>true</Cfg_1>
        <CfgParent>Base</CfgParent>
        <Base>true</Base>
    </PropertyGroup>
    <PropertyGroup Condition="('$(Platform)'=='Win32' and '$(Cfg_1)'=='true') or '$(Cfg_1_Win32)'!=''">
        <Cfg_1_Win32>true</Cfg_1_Win32>
        <CfgParent>Cfg_1</CfgParent>
        <Cfg_1>true</Cfg_1>
        <Base>true</Base>
    </PropertyGroup>
    <PropertyGroup Condition="('$(Platform)'=='Win64' and '$(Cfg_1)'=='true') or '$(Cfg_1_Win64)'!=''">
        <Cfg_1_Win64>true</Cfg_1_Win64>
        <CfgParent>Cfg_1</CfgParent>
        <Cfg_1>true</Cfg_1>
        <Base>true</Base>
    </PropertyGroup>
    <PropertyGroup Condition="'$(Config)'=='Release' or '$(Cfg_2)'!=''">
        <Cfg_2>true</Cfg_2>
        <CfgParent>Base</CfgParent>
        <Base>true</Base>
    </PropertyGroup>
    <PropertyGroup Condition="('$(Platform)'=='Win32' and '$(Cfg_2)'=='true') or '$(Cfg_2_Win32)'!=''">
        <Cfg_2_Win32>true</Cfg_2_Win32>
        <CfgParent>Cfg_2</CfgParent>
        <Cfg_2>true</Cfg_2>
        <Base>true</Base>
    </PropertyGroup>
    <PropertyGroup Condition="('$(Platform)'=='Win64' and '$(Cfg_2)'=='true') or '$(Cfg_2_Win64)'!=''">
        <Cfg_2_Win64>true</Cfg_2_Win64>
        <CfgParent>Cfg_2</CfgParent>
        <Cfg_2>true</Cfg_2>
        <Base>true</Base>
    </PropertyGroup>
    <PropertyGroup Condition="'$(Base)'!=''">
        <SanitizedProjectName>Sniff</SanitizedProjectName>
        <Custom_Styles>Carbon|VCLSTYLE|$(BDSCOMMONDIR)\Styles\Carbon.vsf;&quot;Onyx Blue|VCLSTYLE|$(BDSCOMMONDIR)\Styles\OnyxBlue.vsf&quot;</Custom_Styles>
        <DCC_BplOutput>.\Build</DCC_BplOutput>
        <DCC_DcuOutput>.\Temp\Sniff\$(Platform)\$(Config)</DCC_DcuOutput>
        <DCC_DebugDCUs>true</DCC_DebugDCUs>
        <DCC_ExeOutput>.\Build</DCC_ExeOutput>
        <DCC_GenerateStackFrames>true</DCC_GenerateStackFrames>
        <DCC_Namespace>System;Xml;Data;Datasnap;Web;Soap;Vcl;Vcl.Imaging;Vcl.Touch;Vcl.Samples;Vcl.Shell;$(DCC_Namespace)</DCC_Namespace>
        <DCC_UnitSearchPath>.\Core;.\Sniff;.\External\JsonDataObjects\Source;.\External\lz4-delphi;.\External\libdeflate-pas;$(DCC_UnitSearchPath)</DCC_UnitSearchPath>
        <Icon_MainIcon>$(BDS)\bin\delphi_PROJECTICON.ico</Icon_MainIcon>
        <VerInfo_Debug>true</VerInfo_Debug>
        <VerInfo_IncludeVerInfo>true</VerInfo_IncludeVerInfo>
        <VerInfo_Keys>CompanyName=zilav;FileDescription=$(MSBuildProjectName);FileVersion=1.9.0.0;InternalName=;LegalCopyright=MIT License Open Source;LegalTrademarks=;OriginalFilename=;ProgramID=com.embarcadero.$(MSBuildProjectName);ProductName=$(MSBuildProjectName);ProductVersion=1.0.0.0;Comments=</VerInfo_Keys>
        <VerInfo_Locale>1033</VerInfo_Locale>
        <VerInfo_MinorVer>9</VerInfo_MinorVer>
        <VerInfo_PreRelease>true</VerInfo_PreRelease>
    </PropertyGroup>
    <PropertyGroup Condition="'$(Base_Win32)'!=''">
        <AppDPIAwarenessMode>none</AppDPIAwarenessMode>
        <BT_BuildType>Debug</BT_BuildType>
        <DCC_Namespace>Winapi;System.Win;Data.Win;Datasnap.Win;Web.Win;Soap.Win;Xml.Win;Bde;$(DCC_Namespace)</DCC_Namespace>
        <DCC_UsePackage>DBXSqliteDriver;IndyIPCommon;RESTComponents;bindcompdbx;DBXInterBaseDriver;vcl;IndyIPServer;vclactnband;vclFireDAC;IndySystem;tethering;svnui;dsnapcon;FireDACADSDriver;FireDACMSAccDriver;fmxFireDAC;vclimg;FireDAC;vcltouch;vcldb;bindcompfmx;svn;FireDACSqliteDriver;FireDACPgDriver;inetdb;soaprtl;DbxCommonDriver;fmx;FireDACIBDriver;fmxdae;xmlrtl;soapmidas;fmxobj;vclwinx;rtl;DbxClientDriver;CustomIPTransport;vcldsnap;dbexpress;IndyCore;vclx;bindcomp;appanalytics;dsnap;FireDACCommon;IndyIPClient;bindcompvcl;RESTBackendComponents;VCLRESTComponents;soapserver;dbxcds;VclSmp;adortl;vclie;bindengine;DBXMySQLDriver;CloudService;dsnapxml;FireDACMySQLDriver;dbrtl;IndyProtocols;inetdbxpress;FireDACCommonODBC;FireDACCommonDriver;inet;fmxase;$(DCC_UsePackage)</DCC_UsePackage>
        <Icon_MainIcon>Sniff_Icon.ico</Icon_MainIcon>
        <Manifest_File>$(BDS)\bin\default_app.manifest</Manifest_File>
        <PF_KeyStorePass>853C47DE5F925585A304712AD15DE33A81940557A005978797B40FAA8E6D3CD0DB48A3D6E3181C3AC1B85752FAB3C36BBABA361304262290166845ECE5BA2290C95DF35DD544A8C4D3C63B05722F8597F7D7</PF_KeyStorePass>
    </PropertyGroup>
    <PropertyGroup Condition="'$(Base_Win64)'!=''">
        <AppDPIAwarenessMode>none</AppDPIAwarenessMode>
        <BT_BuildType>Debug</BT_BuildType>
        <DCC_Namespace>Winapi;System.Win;Data.Win;Datasnap.Win;Web.Win;Soap.Win;Xml.Win;$(DCC_Namespace)</DCC_Namespace>
        <DCC_UsePackage>DBXSqliteDriver;IndyIPCommon;RESTComponents;bindcompdbx;DBXInterBaseDriver;vcl;IndyIPServer;vclactnband;vclFireDAC;IndySystem;tethering;dsnapcon;FireDACADSDriver;FireDACMSAccDriver;fmxFireDAC;vclimg;FireDAC;vcltouch;vcldb;bindcompfmx;FireDACSqliteDriver;FireDACPgDriver;inetdb;soaprtl;DbxCommonDriver;fmx;FireDACIBDriver;fmxdae;xmlrtl;soapmidas;fmxobj;vclwinx;rtl;DbxClientDriver;CustomIPTransport;vcldsnap;dbexpress;IndyCore;vclx;bindcomp;appanalytics;dsnap;FireDACCommon;IndyIPClient;bindcompvcl;RESTBackendComponents;VCLRESTComponents;soapserver;dbxcds;VclSmp;adortl;vclie;bindengine;DBXMySQLDriver;CloudService;dsnapxml;FireDACMySQLDriver;dbrtl;IndyProtocols;inetdbxpress;FireDACCommonODBC;FireDACCommonDriver;inet;fmxase;$(DCC_UsePackage)</DCC_UsePackage>
        <Icon_MainIcon>Sniff_Icon.ico</Icon_MainIcon>
        <Manifest_File>$(BDS)\bin\default_app.manifest</Manifest_File>
    </PropertyGroup>
    <PropertyGroup Condition="'$(Cfg_1)'!=''">
        <DCC_DebugDCUs>true</DCC_DebugDCUs>
        <DCC_DebugInfoInExe>true</DCC_DebugInfoInExe>
        <DCC_Define>DEBUG;$(DCC_Define)</DCC_Define>
        <DCC_GenerateStackFrames>true</DCC_GenerateStackFrames>
    </PropertyGroup>
    <PropertyGroup Condition="'$(Cfg_1_Win32)'!=''">
        <AppDPIAwarenessMode>PerMonitorV2</AppDPIAwarenessMode>
        <DCC_Optimize>true</DCC_Optimize>
        <DCC_RemoteDebug>false</DCC_RemoteDebug>
        <Icon_MainIcon>Sniff_Icon.ico</Icon_MainIcon>
        <PF_KeyStorePass>853C47DE5F92078FCF65E527D171E33F81850535A05F97C997AA0FF88E783C8ADB56A385E3111C2FC1E2577DFAC4C363BA95367E043722D3163A459DE5E4229DC938F341D558FA9BBFF8AF11722F8597F7D7</PF_KeyStorePass>
    </PropertyGroup>
    <PropertyGroup Condition="'$(Cfg_1_Win64)'!=''">
        <AppDPIAwarenessMode>PerMonitorV2</AppDPIAwarenessMode>
        <Icon_MainIcon>Sniff_Icon.ico</Icon_MainIcon>
    </PropertyGroup>
    <PropertyGroup Condition="'$(Cfg_2)'!=''">
        <DCC_Define>RELEASE;$(DCC_Define)</DCC_Define>
    </PropertyGroup>
    <PropertyGroup Condition="'$(Cfg_2_Win32)'!=''">
        <AppDPIAwarenessMode>PerMonitorV2</AppDPIAwarenessMode>
        <Icon_MainIcon>Sniff_Icon.ico</Icon_MainIcon>
        <PF_KeyStorePass>853C47DE5F92078FA359716CD16AE34E81C60513A04997C197A00FAA8E6C3C8BDB0CA39AE3191C62C1BB5726FAB3C317BAE9365104262291163B45CFE5942290C916F30AD544FACCD3C63B05722F8597F7D7</PF_KeyStorePass>
        <PF_UWPPackageDisplayName>Sniff</PF_UWPPackageDisplayName>
        <PF_UWPPackageName>zilav.Sniff</PF_UWPPackageName>
        <PF_UWPPublisher>CN=zilav</PF_UWPPublisher>
        <PF_UWPPublisherDisplayName>zilav</PF_UWPPublisherDisplayName>
    </PropertyGroup>
    <PropertyGroup Condition="'$(Cfg_2_Win64)'!=''">
        <AppDPIAwarenessMode>PerMonitorV2</AppDPIAwarenessMode>
        <Icon_MainIcon>Sniff_Icon.ico</Icon_MainIcon>
    </PropertyGroup>
    <ItemGroup>
        <DelphiCompile Include="$(MainSource)">
            <MainSource>MainSource</MainSource>
        </DelphiCompile>
        <DCCReference Include="Core\MSHeap.pas"/>
        <DCCReference Include="Core\wbBSArchive.pas"/>
        <DCCReference Include="Core\wbCommandLine.pas"/>
        <DCCReference Include="Core\wbDataFormat.pas"/>
        <DCCReference Include="Core\wbDataFormatMaterial.pas"/>
        <DCCReference Include="Core\wbDataFormatNif.pas"/>
        <DCCReference Include="Core\wbDataFormatNifTypes.pas"/>
        <DCCReference Include="Core\wbDataFormatMisc.pas"/>
        <DCCReference Include="Core\wbDDS.pas"/>
        <DCCReference Include="Core\wbMeshOptimize.pas"/>
        <DCCReference Include="Core\wbNifMath.pas"/>
        <DCCReference Include="Sniff\SniffProcessor.pas"/>
        <DCCReference Include="Sniff\frmMain.pas">
            <Form>FormMain</Form>
            <FormType>dfm</FormType>
        </DCCReference>
        <DCCReference Include="Sniff\frMessages.pas">
            <Form>FrameMessages</Form>
            <FormType>dfm</FormType>
            <DesignClass>TFrame</DesignClass>
        </DCCReference>
        <DCCReference Include="Sniff\frmVertexPaintHelper.pas">
            <Form>FormVertexPaintHelper</Form>
            <FormType>dfm</FormType>
        </DCCReference>
        <DCCReference Include="Sniff\Proc\ProcAddBoundingBox.pas">
            <Form>FrameAddBoundingBox</Form>
            <FormType>dfm</FormType>
            <DesignClass>TFrame</DesignClass>
        </DCCReference>
        <DCCReference Include="Sniff\Proc\ProcAddFacialAnim.pas">
            <Form>FrameAddFacialAnim</Form>
            <FormType>dfm</FormType>
            <DesignClass>TFrame</DesignClass>
        </DCCReference>
        <DCCReference Include="Sniff\Proc\ProcAddHeadtrackingAnim.pas">
            <Form>FrameAddHeadtrackingAnim</Form>
            <FormType>dfm</FormType>
            <DesignClass>TFrame</DesignClass>
        </DCCReference>
        <DCCReference Include="Sniff\Proc\ProcAddLODNode.pas">
            <Form>FrameAddLODNode</Form>
            <FormType>dfm</FormType>
            <DesignClass>TFrame</DesignClass>
        </DCCReference>
        <DCCReference Include="Sniff\Proc\ProcAddRootCollisionNode.pas">
            <Form>FrameAddRootCollisionNode</Form>
            <FormType>dfm</FormType>
            <DesignClass>TFrame</DesignClass>
        </DCCReference>
        <DCCReference Include="Sniff\Proc\ProcAdjustTransform.pas">
            <Form>FrameAdjustTransform</Form>
            <FormType>dfm</FormType>
            <DesignClass>TFrame</DesignClass>
        </DCCReference>
        <DCCReference Include="Sniff\Proc\ProcAnalyzeMesh.pas">
            <Form>FrameAnalyzeMesh</Form>
            <FormType>dfm</FormType>
            <DesignClass>TFrame</DesignClass>
        </DCCReference>
        <DCCReference Include="Sniff\Proc\ProcAnimQuadraticToLinear.pas">
            <Form>FrameAnimQuadraticToLinear</Form>
            <FormType>dfm</FormType>
            <DesignClass>TFrame</DesignClass>
        </DCCReference>
        <DCCReference Include="Sniff\Proc\ProcAnimSkeletonDeath.pas">
            <Form>FrameAnimSkeletonDeath</Form>
            <FormType>dfm</FormType>
            <DesignClass>TFrame</DesignClass>
        </DCCReference>
        <DCCReference Include="Sniff\Proc\ProcApplyTransform.pas">
            <Form>FrameApplyTransform</Form>
            <FormType>dfm</FormType>
            <DesignClass>TFrame</DesignClass>
        </DCCReference>
        <DCCReference Include="Sniff\Proc\ProcAttachParent.pas">
            <Form>FrameAttachParent</Form>
            <FormType>dfm</FormType>
            <DesignClass>TFrame</DesignClass>
        </DCCReference>
        <DCCReference Include="Sniff\Proc\ProcCheckForErrors.pas">
            <Form>FrameCheckForErrors</Form>
            <FormType>dfm</FormType>
            <DesignClass>TFrame</DesignClass>
        </DCCReference>
        <DCCReference Include="Sniff\Proc\ProcConvertRootNode.pas">
            <Form>FrameConvertRootNode</Form>
            <FormType>dfm</FormType>
            <DesignClass>TFrame</DesignClass>
        </DCCReference>
        <DCCReference Include="Sniff\Proc\ProcCopyControlledBlocks.pas">
            <Form>FrameCopyControlledBlocks</Form>
            <FormType>dfm</FormType>
            <DesignClass>TFrame</DesignClass>
        </DCCReference>
        <DCCReference Include="Sniff\Proc\ProcCopyGeometryBlocks.pas">
            <Form>FrameCopyGeometryBlocks</Form>
            <FormType>dfm</FormType>
            <DesignClass>TFrame</DesignClass>
        </DCCReference>
        <DCCReference Include="Sniff\Proc\ProcCopyPriorities.pas">
            <Form>FrameCopyPriorities</Form>
            <FormType>dfm</FormType>
            <DesignClass>TFrame</DesignClass>
        </DCCReference>
        <DCCReference Include="Sniff\Proc\ProcFindDrawCalls.pas">
            <Form>FrameFindDrawCalls</Form>
            <FormType>dfm</FormType>
            <DesignClass>TFrame</DesignClass>
        </DCCReference>
        <DCCReference Include="Sniff\Proc\ProcFindTextures.pas">
            <Form>FrameFindTextures</Form>
            <FormType>dfm</FormType>
            <DesignClass>TFrame</DesignClass>
        </DCCReference>
        <DCCReference Include="Sniff\Proc\ProcFindUVs.pas">
            <Form>FrameFindUVs</Form>
            <FormType>dfm</FormType>
            <DesignClass>TFrame</DesignClass>
        </DCCReference>
        <DCCReference Include="Sniff\Proc\ProcFixExportedKFAnim.pas">
            <Form>FrameFixExportedKFAnim</Form>
            <FormType>dfm</FormType>
            <DesignClass>TFrame</DesignClass>
        </DCCReference>
        <DCCReference Include="Sniff\Proc\ProcGroupShapes.pas">
            <Form>FrameGroupShapes</Form>
            <FormType>dfm</FormType>
            <DesignClass>TFrame</DesignClass>
        </DCCReference>
        <DCCReference Include="Sniff\Proc\ProcHavokInfo.pas">
            <Form>FrameHavokInfo</Form>
            <FormType>dfm</FormType>
            <DesignClass>TFrame</DesignClass>
        </DCCReference>
        <DCCReference Include="Sniff\Proc\ProcHavokSearchMaterial.pas">
            <Form>FrameHavokMaterial</Form>
            <FormType>dfm</FormType>
            <DesignClass>TFrame</DesignClass>
        </DCCReference>
        <DCCReference Include="Sniff\Proc\ProcHavokSettingsUpdate.pas">
            <Form>FrameHavokSettings</Form>
            <FormType>dfm</FormType>
            <DesignClass>TFrame</DesignClass>
        </DCCReference>
        <DCCReference Include="Sniff\Proc\ProcInertiaUpdate.pas">
            <Form>Frame1</Form>
            <FormType>dfm</FormType>
            <DesignClass>TFrame</DesignClass>
        </DCCReference>
        <DCCReference Include="Sniff\Proc\ProcJamAnim.pas">
            <Form>FrameJamAnim</Form>
            <FormType>dfm</FormType>
            <DesignClass>TFrame</DesignClass>
        </DCCReference>
        <DCCReference Include="Sniff\Proc\ProcJsonConverter.pas">
            <Form>FrameJsonConverter</Form>
            <FormType>dfm</FormType>
            <DesignClass>TFrame</DesignClass>
        </DCCReference>
        <DCCReference Include="Sniff\Proc\ProcMergeProperties.pas">
            <Form>FrameMergeProperties</Form>
            <FormType>dfm</FormType>
            <DesignClass>TFrame</DesignClass>
        </DCCReference>
        <DCCReference Include="Sniff\Proc\ProcMergeShapes.pas">
            <Form>FrameMergeShapes</Form>
            <FormType>dfm</FormType>
            <DesignClass>TFrame</DesignClass>
        </DCCReference>
        <DCCReference Include="Sniff\Proc\ProcMoppUpdate.pas">
            <Form>FrameMoppUpdate</Form>
            <FormType>dfm</FormType>
            <DesignClass>TFrame</DesignClass>
        </DCCReference>
        <DCCReference Include="Sniff\Proc\ProcOptimize.pas">
            <Form>FrameOptimize</Form>
            <FormType>dfm</FormType>
            <DesignClass>TFrame</DesignClass>
        </DCCReference>
        <DCCReference Include="Sniff\Proc\ProcOptimizeKF.pas">
            <Form>FrameOptimizeKF</Form>
            <FormType>dfm</FormType>
            <DesignClass>TFrame</DesignClass>
        </DCCReference>
        <DCCReference Include="Sniff\Proc\ProcRagdollConstraintUpdate.pas">
            <Form>FrameRagdollConstraintUpdate</Form>
            <FormType>dfm</FormType>
            <DesignClass>TFrame</DesignClass>
        </DCCReference>
        <DCCReference Include="Sniff\Proc\ProcRemoveControlledBlocks.pas">
            <Form>FrameRemoveControlledBlocks</Form>
            <FormType>dfm</FormType>
            <DesignClass>TFrame</DesignClass>
        </DCCReference>
        <DCCReference Include="Sniff\Proc\ProcRemoveNodes.pas">
            <Form>FrameRemoveNodes</Form>
            <FormType>dfm</FormType>
            <DesignClass>TFrame</DesignClass>
        </DCCReference>
        <DCCReference Include="Sniff\Proc\ProcRemoveUnusedNodes.pas">
            <Form>FrameRemoveUnusedNodes</Form>
            <FormType>dfm</FormType>
            <DesignClass>TFrame</DesignClass>
        </DCCReference>
        <DCCReference Include="Sniff\Proc\ProcReplaceAssets.pas">
            <Form>FrameReplaceAssets</Form>
            <FormType>dfm</FormType>
            <DesignClass>TFrame</DesignClass>
        </DCCReference>
        <DCCReference Include="Sniff\Proc\ProcSetMissingNames.pas">
            <Form>FrameSetMissingNames</Form>
            <FormType>dfm</FormType>
            <DesignClass>TFrame</DesignClass>
        </DCCReference>
        <DCCReference Include="Sniff\Proc\ProcShaderFlagsUpdate.pas">
            <Form>FrameShaderFlagsUpdate</Form>
            <FormType>dfm</FormType>
            <DesignClass>TFrame</DesignClass>
        </DCCReference>
        <DCCReference Include="Sniff\Proc\ProcSoftParticles.pas">
            <Form>FrameSoftParticles</Form>
            <FormType>dfm</FormType>
            <DesignClass>TFrame</DesignClass>
        </DCCReference>
        <DCCReference Include="Sniff\Proc\ProcTangents.pas">
            <Form>FrameTangents</Form>
            <FormType>dfm</FormType>
            <DesignClass>TFrame</DesignClass>
        </DCCReference>
        <DCCReference Include="Sniff\Proc\ProcTransformInfo.pas">
            <Form>FrameTransformInfo</Form>
            <FormType>dfm</FormType>
            <DesignClass>TFrame</DesignClass>
        </DCCReference>
        <DCCReference Include="Sniff\Proc\ProcUniversalFixer.pas">
            <Form>FrameUniversalFixer</Form>
            <FormType>dfm</FormType>
            <DesignClass>TFrame</DesignClass>
        </DCCReference>
        <DCCReference Include="Sniff\Proc\ProcUniversalTweaker.pas">
            <Form>FrameUniversalTweaker</Form>
            <FormType>dfm</FormType>
            <DesignClass>TFrame</DesignClass>
        </DCCReference>
        <DCCReference Include="Sniff\Proc\ProcUnskinMesh.pas">
            <Form>FrameUnskinMesh</Form>
            <FormType>dfm</FormType>
            <DesignClass>TFrame</DesignClass>
        </DCCReference>
        <DCCReference Include="Sniff\Proc\ProcUnweldedVertices.pas">
            <Form>FrameUnweldedVertices</Form>
            <FormType>dfm</FormType>
            <DesignClass>TFrame</DesignClass>
        </DCCReference>
        <DCCReference Include="Sniff\Proc\ProcUpdateBounds.pas">
            <Form>FrameUpdateBounds</Form>
            <FormType>dfm</FormType>
            <DesignClass>TFrame</DesignClass>
        </DCCReference>
        <DCCReference Include="Sniff\Proc\ProcVertexPaint.pas">
            <Form>FrameVertexPaint</Form>
            <FormType>dfm</FormType>
            <DesignClass>TFrame</DesignClass>
        </DCCReference>
        <DCCReference Include="Sniff\Proc\ProcWallsReflectionFlag.pas">
            <Form>FrameWallsReflectionFlag</Form>
            <FormType>dfm</FormType>
            <DesignClass>TFrame</DesignClass>
        </DCCReference>
        <DCCReference Include="Sniff\Proc\ProcWeiExplosion.pas">
            <Form>FrameWeiExplosion</Form>
            <FormType>dfm</FormType>
            <DesignClass>TFrame</DesignClass>
        </DCCReference>
        <BuildConfiguration Include="Base">
            <Key>Base</Key>
        </BuildConfiguration>
        <BuildConfiguration Include="Debug">
            <Key>Cfg_1</Key>
            <CfgParent>Base</CfgParent>
        </BuildConfiguration>
        <BuildConfiguration Include="Release">
            <Key>Cfg_2</Key>
            <CfgParent>Base</CfgParent>
        </BuildConfiguration>
    </ItemGroup>
    <ProjectExtensions>
        <Borland.Personality>Delphi.Personality.12</Borland.Personality>
        <Borland.ProjectType>Application</Borland.ProjectType>
        <BorlandProject>
            <Delphi.Personality>
                <Source>
                    <Source Name="MainSource">Sniff.dpr</Source>
                </Source>
                <Excluded_Packages/>
            </Delphi.Personality>
            <Platforms>
                <Platform value="Win32">True</Platform>
                <Platform value="Win64">True</Platform>
            </Platforms>
        </BorlandProject>
        <ProjectFileVersion>12</ProjectFileVersion>
    </ProjectExtensions>
    <Import Project="$(BDS)\Bin\CodeGear.Delphi.Targets" Condition="Exists('$(BDS)\Bin\CodeGear.Delphi.Targets')"/>
    <Import Project="$(APPDATA)\Embarcadero\$(BDSAPPDATABASEDIR)\$(PRODUCTVERSION)\UserTools.proj" Condition="Exists('$(APPDATA)\Embarcadero\$(BDSAPPDATABASEDIR)\$(PRODUCTVERSION)\UserTools.proj')"/>
    <Import Project="$(MSBuildProjectName).deployproj" Condition="Exists('$(MSBuildProjectName).deployproj')"/>
</Project>
